
Microsoft Visual Studio Solution File, Format Version 12.00
# Visual Studio 2012
Project("{FAE04EC0-301F-11D3-BF4B-00C04F79EFBC}") = "NotNet.Core.Forms", "NotNet.Core.Forms\NotNet.Core.Forms.csproj", "{657D9F61-CE44-4A7A-A0F2-5388D7E50756}"
EndProject
Project("{FAE04EC0-301F-11D3-BF4B-00C04F79EFBC}") = "NotNet.Core", "..\NotNet.Core\NotNet.Core\NotNet.Core.csproj", "{856E53CA-A304-4DC4-8D7F-51F70FC87084}"
EndProject
Project("{2150E333-8FDC-42A3-9474-1A3956D46DE8}") = "TestApp", "TestApp", "{27B56A44-EC0A-4FE2-B0ED-18DF0CD27933}"
EndProject
Global
	GlobalSection(SolutionConfigurationPlatforms) = preSolution
		Debug|Any CPU = Debug|Any CPU
		Release|Any CPU = Release|Any CPU
		Debug|iPhoneSimulator = Debug|iPhoneSimulator
		Release|iPhone = Release|iPhone
		Release|iPhoneSimulator = Release|iPhoneSimulator
		Debug|iPhone = Debug|iPhone
	EndGlobalSection
	GlobalSection(ProjectConfigurationPlatforms) = postSolution
		{657D9F61-CE44-4A7A-A0F2-5388D7E50756}.Debug|Any CPU.ActiveCfg = Debug|Any CPU
		{657D9F61-CE44-4A7A-A0F2-5388D7E50756}.Debug|Any CPU.Build.0 = Debug|Any CPU
		{657D9F61-CE44-4A7A-A0F2-5388D7E50756}.Release|Any CPU.ActiveCfg = Release|Any CPU
		{657D9F61-CE44-4A7A-A0F2-5388D7E50756}.Release|Any CPU.Build.0 = Release|Any CPU
		{657D9F61-CE44-4A7A-A0F2-5388D7E50756}.Debug|iPhoneSimulator.ActiveCfg = Debug|Any CPU
		{657D9F61-CE44-4A7A-A0F2-5388D7E50756}.Debug|iPhoneSimulator.Build.0 = Debug|Any CPU
		{657D9F61-CE44-4A7A-A0F2-5388D7E50756}.Release|iPhone.ActiveCfg = Release|Any CPU
		{657D9F61-CE44-4A7A-A0F2-5388D7E50756}.Release|iPhone.Build.0 = Release|Any CPU
		{657D9F61-CE44-4A7A-A0F2-5388D7E50756}.Release|iPhoneSimulator.ActiveCfg = Release|Any CPU
		{657D9F61-CE44-4A7A-A0F2-5388D7E50756}.Release|iPhoneSimulator.Build.0 = Release|Any CPU
		{657D9F61-CE44-4A7A-A0F2-5388D7E50756}.Debug|iPhone.ActiveCfg = Debug|Any CPU
		{657D9F61-CE44-4A7A-A0F2-5388D7E50756}.Debug|iPhone.Build.0 = Debug|Any CPU
		{856E53CA-A304-4DC4-8D7F-51F70FC87084}.Debug|Any CPU.ActiveCfg = Debug|Any CPU
		{856E53CA-A304-4DC4-8D7F-51F70FC87084}.Debug|Any CPU.Build.0 = Debug|Any CPU
		{856E53CA-A304-4DC4-8D7F-51F70FC87084}.Release|Any CPU.ActiveCfg = Release|Any CPU
		{856E53CA-A304-4DC4-8D7F-51F70FC87084}.Release|Any CPU.Build.0 = Release|Any CPU
		{856E53CA-A304-4DC4-8D7F-51F70FC87084}.Debug|iPhoneSimulator.ActiveCfg = Debug|Any CPU
		{856E53CA-A304-4DC4-8D7F-51F70FC87084}.Debug|iPhoneSimulator.Build.0 = Debug|Any CPU
		{856E53CA-A304-4DC4-8D7F-51F70FC87084}.Release|iPhone.ActiveCfg = Release|Any CPU
		{856E53CA-A304-4DC4-8D7F-51F70FC87084}.Release|iPhone.Build.0 = Release|Any CPU
		{856E53CA-A304-4DC4-8D7F-51F70FC87084}.Release|iPhoneSimulator.ActiveCfg = Release|Any CPU
		{856E53CA-A304-4DC4-8D7F-51F70FC87084}.Release|iPhoneSimulator.Build.0 = Release|Any CPU
		{856E53CA-A304-4DC4-8D7F-51F70FC87084}.Debug|iPhone.ActiveCfg = Debug|Any CPU
		{856E53CA-A304-4DC4-8D7F-51F70FC87084}.Debug|iPhone.Build.0 = Debug|Any CPU
	EndGlobalSection
	GlobalSection(NestedProjects) = preSolution
	EndGlobalSection
EndGlobal
