
Microsoft Visual Studio Solution File, Format Version 12.00
# Visual Studio 2012
Project("{FAE04EC0-301F-11D3-BF4B-00C04F79EFBC}") = "NotNet.Core.Forms", "NotNet.Core.Forms\NotNet.Core.Forms\NotNet.Core.Forms.csproj", "{657D9F61-CE44-4A7A-A0F2-5388D7E50756}"
EndProject
Project("{FAE04EC0-301F-11D3-BF4B-00C04F79EFBC}") = "NotNet.Core", "NotNet.Core\NotNet.Core\NotNet.Core.csproj", "{3832E210-3B23-493D-8903-1D7A0E22AC12}"
EndProject
Global
	GlobalSection(SolutionConfigurationPlatforms) = preSolution
		Debug|Any CPU = Debug|Any CPU
		Release|Any CPU = Release|Any CPU
	EndGlobalSection
	GlobalSection(ProjectConfigurationPlatforms) = postSolution
		{657D9F61-CE44-4A7A-A0F2-5388D7E50756}.Debug|Any CPU.ActiveCfg = Debug|Any CPU
		{657D9F61-CE44-4A7A-A0F2-5388D7E50756}.Debug|Any CPU.Build.0 = Debug|Any CPU
		{657D9F61-CE44-4A7A-A0F2-5388D7E50756}.Release|Any CPU.ActiveCfg = Release|Any CPU
		{657D9F61-CE44-4A7A-A0F2-5388D7E50756}.Release|Any CPU.Build.0 = Release|Any CPU
		{3832E210-3B23-493D-8903-1D7A0E22AC12}.Debug|Any CPU.ActiveCfg = Debug|Any CPU
		{3832E210-3B23-493D-8903-1D7A0E22AC12}.Debug|Any CPU.Build.0 = Debug|Any CPU
		{3832E210-3B23-493D-8903-1D7A0E22AC12}.Release|Any CPU.ActiveCfg = Release|Any CPU
		{3832E210-3B23-493D-8903-1D7A0E22AC12}.Release|Any CPU.Build.0 = Release|Any CPU
	EndGlobalSection
	GlobalSection(MonoDevelopProperties) = preSolution
		version = 2.0.6-beta
	EndGlobalSection
EndGlobal
