
Microsoft Visual Studio Solution File, Format Version 12.00
# Visual Studio 2012
Project("{2150E333-8FDC-42A3-9474-1A3956D46DE8}") = "Misc", "Misc", "{61995B64-9586-4211-B82F-656DF5A2369B}"
	ProjectSection(SolutionItems) = preProject
		README.md = README.md
	EndProjectSection
EndProject
Project("{FAE04EC0-301F-11D3-BF4B-00C04F79EFBC}") = "NotNet.Core.Test", "NotNet.Core.Test\NotNet.Core.Test.csproj", "{185B1515-B26A-4C56-AEEC-BD92A4B17D49}"
EndProject
Project("{FAE04EC0-301F-11D3-BF4B-00C04F79EFBC}") = "NotNet.Core", "NotNet.Core\NotNet.Core.csproj", "{C7E22927-2079-4380-8240-6BDB9AEE5916}"
EndProject
Global
	GlobalSection(SolutionConfigurationPlatforms) = preSolution
		Debug|Any CPU = Debug|Any CPU
		Release|Any CPU = Release|Any CPU
	EndGlobalSection
	GlobalSection(ProjectConfigurationPlatforms) = postSolution
		{185B1515-B26A-4C56-AEEC-BD92A4B17D49}.Debug|Any CPU.ActiveCfg = Debug|Any CPU
		{185B1515-B26A-4C56-AEEC-BD92A4B17D49}.Debug|Any CPU.Build.0 = Debug|Any CPU
		{185B1515-B26A-4C56-AEEC-BD92A4B17D49}.Release|Any CPU.ActiveCfg = Release|Any CPU
		{185B1515-B26A-4C56-AEEC-BD92A4B17D49}.Release|Any CPU.Build.0 = Release|Any CPU
		{C7E22927-2079-4380-8240-6BDB9AEE5916}.Debug|Any CPU.ActiveCfg = Debug|Any CPU
		{C7E22927-2079-4380-8240-6BDB9AEE5916}.Debug|Any CPU.Build.0 = Debug|Any CPU
		{C7E22927-2079-4380-8240-6BDB9AEE5916}.Release|Any CPU.ActiveCfg = Release|Any CPU
		{C7E22927-2079-4380-8240-6BDB9AEE5916}.Release|Any CPU.Build.0 = Release|Any CPU
	EndGlobalSection
	GlobalSection(MonoDevelopProperties) = preSolution
		version = 2.1.0
		Policies = $0
		$0.DotNetNamingPolicy = $1
		$1.DirectoryNamespaceAssociation = PrefixedHierarchical
		$0.VersionControlPolicy = $2
		description = Basic IoT-thingy
	EndGlobalSection
EndGlobal
